
Microsoft Visual Studio Solution File, Format Version 12.00
# Visual Studio Version 17
VisualStudioVersion = 17.8.34525.116
MinimumVisualStudioVersion = 10.0.40219.1
Project("{FAE04EC0-301F-11D3-BF4B-00C04F79EFBC}") = "ConsoleApp2", "ConsoleApp2\ConsoleApp2.csproj", "{CC42F155-B000-4700-9D94-BDAFF41B23ED}"
EndProject
Global
	GlobalSection(SolutionConfigurationPlatforms) = preSolution
		Debug|Any CPU = Debug|Any CPU
		Release|Any CPU = Release|Any CPU
	EndGlobalSection
	GlobalSection(ProjectConfigurationPlatforms) = postSolution
		{CC42F155-B000-4700-9D94-BDAFF41B23ED}.Debug|Any CPU.ActiveCfg = Debug|Any CPU
		{CC42F155-B000-4700-9D94-BDAFF41B23ED}.Debug|Any CPU.Build.0 = Debug|Any CPU
		{CC42F155-B000-4700-9D94-BDAFF41B23ED}.Release|Any CPU.ActiveCfg = Release|Any CPU
		{CC42F155-B000-4700-9D94-BDAFF41B23ED}.Release|Any CPU.Build.0 = Release|Any CPU
	EndGlobalSection
	GlobalSection(SolutionProperties) = preSolution
		HideSolutionNode = FALSE
	EndGlobalSection
	GlobalSection(ExtensibilityGlobals) = postSolution
		SolutionGuid = {058C247D-B3B6-43AF-BD8B-2B96E84E05BC}
	EndGlobalSection
EndGlobal
